
Microsoft Visual Studio Solution File, Format Version 12.00
# Visual Studio Version 16
VisualStudioVersion = 16.0.31424.327
MinimumVisualStudioVersion = 10.0.40219.1
Project("{FAE04EC0-301F-11D3-BF4B-00C04F79EFBC}") = "01-Struktury", "01-Struktury\01-Struktury.csproj", "{E925B159-EC32-4EE4-B2CD-CDE3A258B042}"
EndProject
Global
	GlobalSection(SolutionConfigurationPlatforms) = preSolution
		Debug|Any CPU = Debug|Any CPU
		Release|Any CPU = Release|Any CPU
	EndGlobalSection
	GlobalSection(ProjectConfigurationPlatforms) = postSolution
		{E925B159-EC32-4EE4-B2CD-CDE3A258B042}.Debug|Any CPU.ActiveCfg = Debug|Any CPU
		{E925B159-EC32-4EE4-B2CD-CDE3A258B042}.Debug|Any CPU.Build.0 = Debug|Any CPU
		{E925B159-EC32-4EE4-B2CD-CDE3A258B042}.Release|Any CPU.ActiveCfg = Release|Any CPU
		{E925B159-EC32-4EE4-B2CD-CDE3A258B042}.Release|Any CPU.Build.0 = Release|Any CPU
	EndGlobalSection
	GlobalSection(SolutionProperties) = preSolution
		HideSolutionNode = FALSE
	EndGlobalSection
	GlobalSection(ExtensibilityGlobals) = postSolution
		SolutionGuid = {BD6ABFC7-CF0D-4303-9778-E85A9A3641B4}
	EndGlobalSection
EndGlobal
